
Microsoft Visual Studio Solution File, Format Version 12.00
# Visual Studio Version 16
VisualStudioVersion = 16.0.29102.190
MinimumVisualStudioVersion = 10.0.40219.1
Project("{FAE04EC0-301F-11D3-BF4B-00C04F79EFBC}") = "BancoDeDados", "BancoDeDados\BancoDeDados.csproj", "{0B2EC954-02E5-4265-95C1-71124B1DB9DB}"
EndProject
Global
	GlobalSection(SolutionConfigurationPlatforms) = preSolution
		Debug|Any CPU = Debug|Any CPU
		Release|Any CPU = Release|Any CPU
	EndGlobalSection
	GlobalSection(ProjectConfigurationPlatforms) = postSolution
		{0B2EC954-02E5-4265-95C1-71124B1DB9DB}.Debug|Any CPU.ActiveCfg = Debug|Any CPU
		{0B2EC954-02E5-4265-95C1-71124B1DB9DB}.Debug|Any CPU.Build.0 = Debug|Any CPU
		{0B2EC954-02E5-4265-95C1-71124B1DB9DB}.Release|Any CPU.ActiveCfg = Release|Any CPU
		{0B2EC954-02E5-4265-95C1-71124B1DB9DB}.Release|Any CPU.Build.0 = Release|Any CPU
	EndGlobalSection
	GlobalSection(SolutionProperties) = preSolution
		HideSolutionNode = FALSE
	EndGlobalSection
	GlobalSection(ExtensibilityGlobals) = postSolution
		SolutionGuid = {C11FACAA-44E3-4E38-9149-F0A703167A60}
	EndGlobalSection
EndGlobal
