
Microsoft Visual Studio Solution File, Format Version 12.00
# Visual Studio Version 16
VisualStudioVersion = 16.0.29102.190
MinimumVisualStudioVersion = 10.0.40219.1
Project("{FAE04EC0-301F-11D3-BF4B-00C04F79EFBC}") = "CalculandoIDADE", "CalculandoIDADE\CalculandoIDADE.csproj", "{5FA80558-793E-46E7-9B6A-CD6F4FD1168F}"
EndProject
Project("{FAE04EC0-301F-11D3-BF4B-00C04F79EFBC}") = "Performance Counters", "Performance Counters\Performance Counters.csproj", "{665B9C48-189F-47C7-8D16-DFA499B3013C}"
EndProject
Project("{FAE04EC0-301F-11D3-BF4B-00C04F79EFBC}") = "Correios", "Correios\Correios.csproj", "{5621E7A7-8B89-4A5A-AAD3-5A7901F4ABCF}"
EndProject
Project("{FAE04EC0-301F-11D3-BF4B-00C04F79EFBC}") = "BancoExistente", "BancoExistente\BancoExistente.csproj", "{6723DD14-397A-444A-B4B0-AA1973AD5F17}"
EndProject
Global
	GlobalSection(SolutionConfigurationPlatforms) = preSolution
		Debug|Any CPU = Debug|Any CPU
		Release|Any CPU = Release|Any CPU
	EndGlobalSection
	GlobalSection(ProjectConfigurationPlatforms) = postSolution
		{5FA80558-793E-46E7-9B6A-CD6F4FD1168F}.Debug|Any CPU.ActiveCfg = Debug|Any CPU
		{5FA80558-793E-46E7-9B6A-CD6F4FD1168F}.Debug|Any CPU.Build.0 = Debug|Any CPU
		{5FA80558-793E-46E7-9B6A-CD6F4FD1168F}.Release|Any CPU.ActiveCfg = Release|Any CPU
		{5FA80558-793E-46E7-9B6A-CD6F4FD1168F}.Release|Any CPU.Build.0 = Release|Any CPU
		{665B9C48-189F-47C7-8D16-DFA499B3013C}.Debug|Any CPU.ActiveCfg = Debug|Any CPU
		{665B9C48-189F-47C7-8D16-DFA499B3013C}.Debug|Any CPU.Build.0 = Debug|Any CPU
		{665B9C48-189F-47C7-8D16-DFA499B3013C}.Release|Any CPU.ActiveCfg = Release|Any CPU
		{665B9C48-189F-47C7-8D16-DFA499B3013C}.Release|Any CPU.Build.0 = Release|Any CPU
		{5621E7A7-8B89-4A5A-AAD3-5A7901F4ABCF}.Debug|Any CPU.ActiveCfg = Debug|Any CPU
		{5621E7A7-8B89-4A5A-AAD3-5A7901F4ABCF}.Debug|Any CPU.Build.0 = Debug|Any CPU
		{5621E7A7-8B89-4A5A-AAD3-5A7901F4ABCF}.Release|Any CPU.ActiveCfg = Release|Any CPU
		{5621E7A7-8B89-4A5A-AAD3-5A7901F4ABCF}.Release|Any CPU.Build.0 = Release|Any CPU
		{6723DD14-397A-444A-B4B0-AA1973AD5F17}.Debug|Any CPU.ActiveCfg = Debug|Any CPU
		{6723DD14-397A-444A-B4B0-AA1973AD5F17}.Debug|Any CPU.Build.0 = Debug|Any CPU
		{6723DD14-397A-444A-B4B0-AA1973AD5F17}.Release|Any CPU.ActiveCfg = Release|Any CPU
		{6723DD14-397A-444A-B4B0-AA1973AD5F17}.Release|Any CPU.Build.0 = Release|Any CPU
	EndGlobalSection
	GlobalSection(SolutionProperties) = preSolution
		HideSolutionNode = FALSE
	EndGlobalSection
	GlobalSection(ExtensibilityGlobals) = postSolution
		SolutionGuid = {FEF81FC4-614A-422F-B6EB-E4CCEC2351FB}
	EndGlobalSection
EndGlobal
