
Microsoft Visual Studio Solution File, Format Version 12.00
# Visual Studio Version 16
VisualStudioVersion = 16.0.29102.190
MinimumVisualStudioVersion = 10.0.40219.1
Project("{FAE04EC0-301F-11D3-BF4B-00C04F79EFBC}") = "SchoolBackEnd", "SchoolBackEnd\SchoolBackEnd.csproj", "{05D25426-EE7F-4AD8-A996-8586AEB2F598}"
EndProject
Project("{FAE04EC0-301F-11D3-BF4B-00C04F79EFBC}") = "View", "View\View.csproj", "{A5A97AC1-412B-4004-9E31-3C05CB59C5BF}"
EndProject
Global
	GlobalSection(SolutionConfigurationPlatforms) = preSolution
		Debug|Any CPU = Debug|Any CPU
		Release|Any CPU = Release|Any CPU
	EndGlobalSection
	GlobalSection(ProjectConfigurationPlatforms) = postSolution
		{05D25426-EE7F-4AD8-A996-8586AEB2F598}.Debug|Any CPU.ActiveCfg = Debug|Any CPU
		{05D25426-EE7F-4AD8-A996-8586AEB2F598}.Debug|Any CPU.Build.0 = Debug|Any CPU
		{05D25426-EE7F-4AD8-A996-8586AEB2F598}.Release|Any CPU.ActiveCfg = Release|Any CPU
		{05D25426-EE7F-4AD8-A996-8586AEB2F598}.Release|Any CPU.Build.0 = Release|Any CPU
		{A5A97AC1-412B-4004-9E31-3C05CB59C5BF}.Debug|Any CPU.ActiveCfg = Debug|Any CPU
		{A5A97AC1-412B-4004-9E31-3C05CB59C5BF}.Debug|Any CPU.Build.0 = Debug|Any CPU
		{A5A97AC1-412B-4004-9E31-3C05CB59C5BF}.Release|Any CPU.ActiveCfg = Release|Any CPU
		{A5A97AC1-412B-4004-9E31-3C05CB59C5BF}.Release|Any CPU.Build.0 = Release|Any CPU
	EndGlobalSection
	GlobalSection(SolutionProperties) = preSolution
		HideSolutionNode = FALSE
	EndGlobalSection
	GlobalSection(ExtensibilityGlobals) = postSolution
		SolutionGuid = {1BE3943E-0882-45DA-BCBB-3ECA8362BD8A}
	EndGlobalSection
EndGlobal
